
Microsoft Visual Studio Solution File, Format Version 12.00
# Visual Studio 2012
Project("{8BC9CEB8-8B4A-11D0-8D11-00A0C91BC942}") = "Pong C++", "Pong C++\Pong C++.vcxproj", "{5B8C4397-B5F2-421F-B23F-839284F2EF6A}"
EndProject
Global
	GlobalSection(SolutionConfigurationPlatforms) = preSolution
		Debug|Win32 = Debug|Win32
		Release|Win32 = Release|Win32
	EndGlobalSection
	GlobalSection(ProjectConfigurationPlatforms) = postSolution
		{5B8C4397-B5F2-421F-B23F-839284F2EF6A}.Debug|Win32.ActiveCfg = Debug|Win32
		{5B8C4397-B5F2-421F-B23F-839284F2EF6A}.Debug|Win32.Build.0 = Debug|Win32
		{5B8C4397-B5F2-421F-B23F-839284F2EF6A}.Release|Win32.ActiveCfg = Release|Win32
		{5B8C4397-B5F2-421F-B23F-839284F2EF6A}.Release|Win32.Build.0 = Release|Win32
	EndGlobalSection
	GlobalSection(SolutionProperties) = preSolution
		HideSolutionNode = FALSE
	EndGlobalSection
EndGlobal
